
Microsoft Visual Studio Solution File, Format Version 12.00
# Visual Studio Version 16
VisualStudioVersion = 16.0.810.7
MinimumVisualStudioVersion = 10.0.40219.1
Project("{FAE04EC0-301F-11D3-BF4B-00C04F79EFBC}") = "alice-bot-cs-sw", "alice-bot-cs-sw\alice-bot-cs-sw.csproj", "{CA996026-FD91-4395-A14C-778B56EFD82F}"
EndProject
Global
	GlobalSection(SolutionConfigurationPlatforms) = preSolution
		Debug|Any CPU = Debug|Any CPU
		Release|Any CPU = Release|Any CPU
	EndGlobalSection
	GlobalSection(ProjectConfigurationPlatforms) = postSolution
		{CA996026-FD91-4395-A14C-778B56EFD82F}.Debug|Any CPU.ActiveCfg = Debug|Any CPU
		{CA996026-FD91-4395-A14C-778B56EFD82F}.Debug|Any CPU.Build.0 = Debug|Any CPU
		{CA996026-FD91-4395-A14C-778B56EFD82F}.Release|Any CPU.ActiveCfg = Release|Any CPU
		{CA996026-FD91-4395-A14C-778B56EFD82F}.Release|Any CPU.Build.0 = Release|Any CPU
	EndGlobalSection
	GlobalSection(SolutionProperties) = preSolution
		HideSolutionNode = FALSE
	EndGlobalSection
	GlobalSection(ExtensibilityGlobals) = postSolution
		SolutionGuid = {ABCAF244-CCBA-45AD-A526-054129E8D0F8}
	EndGlobalSection
EndGlobal
